// !$*UTF8*$!
{
	archiveVersion = 1;
	classes = {
	};
	objectVersion = 60;
	objects = {

/* Begin PBXBuildFile section */
		2FAD9763203C412B000D30F8 /* config.xml in Resources */ = {isa = PBXBuildFile; fileRef = 2FAD9762203C412B000D30F8 /* config.xml */; };
		50379B232058CBB4000EE86E /* capacitor.config.json in Resources */ = {isa = PBXBuildFile; fileRef = 50379B222058CBB4000EE86E /* capacitor.config.json */; };
		504EC3081FED79650016851F /* AppDelegate.swift in Sources */ = {isa = PBXBuildFile; fileRef = 504EC3071FED79650016851F /* AppDelegate.swift */; };
		AA01000000000001AABBCCDD /* TafsirAppleSignIn.swift in Sources */ = {isa = PBXBuildFile; fileRef = AA01000000000002AABBCCDD /* TafsirAppleSignIn.swift */; };
		AA01000000000005AABBCCDD /* MainViewController.swift in Sources */ = {isa = PBXBuildFile; fileRef = AA01000000000006AABBCCDD /* MainViewController.swift */; };
		504EC30D1FED79650016851F /* Main.storyboard in Resources */ = {isa = PBXBuildFile; fileRef = 504EC30B1FED79650016851F /* Main.storyboard */; };
		504EC30F1FED79650016851F /* Assets.xcassets in Resources */ = {isa = PBXBuildFile; fileRef = 504EC30E1FED79650016851F /* Assets.xcassets */; };
		504EC3121FED79650016851F /* LaunchScreen.storyboard in Resources */ = {isa = PBXBuildFile; fileRef = 504EC3101FED79650016851F /* LaunchScreen.storyboard */; };
		50B271D11FEDC1A000F3C39B /* public in Resources */ = {isa = PBXBuildFile; fileRef = 50B271D01FEDC1A000F3C39B /* public */; };
		WDGT000000000001 /* TafsirKurdWidget.swift in Sources */ = {isa = PBXBuildFile; fileRef = WDGT000000000011 /* TafsirKurdWidget.swift */; };
		WDGT000000000002 /* TafsirKurdWidget.appex in Embed Foundation Extensions */ = {isa = PBXBuildFile; fileRef = WDGT000000000010 /* TafsirKurdWidget.appex */; settings = {ATTRIBUTES = (RemoveHeadersOnCopy, ); }; };
		WDGT000000000003 /* SharedPrefsPlugin.swift in Sources */ = {isa = PBXBuildFile; fileRef = WDGT000000000014 /* SharedPrefsPlugin.swift */; };
		WDGT000000000004 /* SharedPrefsPlugin.m in Sources */ = {isa = PBXBuildFile; fileRef = WDGT000000000015 /* SharedPrefsPlugin.m */; };
		CMPS000000000001 /* CompassPlugin.swift in Sources */ = {isa = PBXBuildFile; fileRef = CMPS000000000002 /* CompassPlugin.swift */; };
		CMPS000000000003 /* CompassPlugin.m in Sources */ = {isa = PBXBuildFile; fileRef = CMPS000000000004 /* CompassPlugin.m */; };
		FONT000000000003 /* UthmanicHafs1Ver18.ttf in Resources */ = {isa = PBXBuildFile; fileRef = FONT000000000002 /* UthmanicHafs1Ver18.ttf */; };
		FONT000000000004 /* UthmanicHafs1Ver18.ttf in Resources */ = {isa = PBXBuildFile; fileRef = FONT000000000002 /* UthmanicHafs1Ver18.ttf */; };
		ATHN000000000011 /* athan_mishary.caf in Resources */ = {isa = PBXBuildFile; fileRef = ATHN000000000001 /* athan_mishary.caf */; };
		ATHN000000000012 /* athan_nasser.caf in Resources */ = {isa = PBXBuildFile; fileRef = ATHN000000000002 /* athan_nasser.caf */; };
		ATHN000000000013 /* athan_omar.caf in Resources */ = {isa = PBXBuildFile; fileRef = ATHN000000000003 /* athan_omar.caf */; };
		ATHN000000000014 /* athan_peshawa.caf in Resources */ = {isa = PBXBuildFile; fileRef = ATHN000000000004 /* athan_peshawa.caf */; };
		ATHN000000000015 /* athan_raad.caf in Resources */ = {isa = PBXBuildFile; fileRef = ATHN000000000005 /* athan_raad.caf */; };
		TEST000000000001 /* TafsirKurdWidgetTests.swift in Sources */ = {isa = PBXBuildFile; fileRef = TEST000000000011 /* TafsirKurdWidgetTests.swift */; };
		TEST000000000002 /* WidgetLogic.swift in test Sources */ = {isa = PBXBuildFile; fileRef = WDGT000000000017 /* WidgetLogic.swift */; };
		WDGT000000000016 /* WidgetLogic.swift in Sources */ = {isa = PBXBuildFile; fileRef = WDGT000000000017 /* WidgetLogic.swift */; };
/* End PBXBuildFile section */

/* Begin PBXFileReference section */
		2FAD9762203C412B000D30F8 /* config.xml */ = {isa = PBXFileReference; lastKnownFileType = text.xml; path = config.xml; sourceTree = "<group>"; };
		50379B222058CBB4000EE86E /* capacitor.config.json */ = {isa = PBXFileReference; fileEncoding = 4; lastKnownFileType = text.json; path = capacitor.config.json; sourceTree = "<group>"; };
		504EC3041FED79650016851F /* App.app */ = {isa = PBXFileReference; explicitFileType = wrapper.application; includeInIndex = 0; path = App.app; sourceTree = BUILT_PRODUCTS_DIR; };
		504EC3071FED79650016851F /* AppDelegate.swift */ = {isa = PBXFileReference; lastKnownFileType = sourcecode.swift; path = AppDelegate.swift; sourceTree = "<group>"; };
		AA01000000000002AABBCCDD /* TafsirAppleSignIn.swift */ = {isa = PBXFileReference; lastKnownFileType = sourcecode.swift; path = TafsirAppleSignIn.swift; sourceTree = "<group>"; };
		AA01000000000006AABBCCDD /* MainViewController.swift */ = {isa = PBXFileReference; lastKnownFileType = sourcecode.swift; path = MainViewController.swift; sourceTree = "<group>"; };
		504EC30C1FED79650016851F /* Base */ = {isa = PBXFileReference; lastKnownFileType = file.storyboard; name = Base; path = Base.lproj/Main.storyboard; sourceTree = "<group>"; };
		504EC30E1FED79650016851F /* Assets.xcassets */ = {isa = PBXFileReference; lastKnownFileType = folder.assetcatalog; path = Assets.xcassets; sourceTree = "<group>"; };
		504EC3111FED79650016851F /* Base */ = {isa = PBXFileReference; lastKnownFileType = file.storyboard; name = Base; path = Base.lproj/LaunchScreen.storyboard; sourceTree = "<group>"; };
		504EC3131FED79650016851F /* Info.plist */ = {isa = PBXFileReference; lastKnownFileType = text.plist.xml; path = Info.plist; sourceTree = "<group>"; };
		AABB00001122334455667788 /* App.entitlements */ = {isa = PBXFileReference; lastKnownFileType = text.plist.entitlements; path = App.entitlements; sourceTree = "<group>"; };
		50B271D01FEDC1A000F3C39B /* public */ = {isa = PBXFileReference; lastKnownFileType = folder; path = public; sourceTree = "<group>"; };
		958DCC722DB07C7200EA8C5F /* debug.xcconfig */ = {isa = PBXFileReference; lastKnownFileType = text.xcconfig; name = debug.xcconfig; path = ../debug.xcconfig; sourceTree = SOURCE_ROOT; };
		WDGT000000000010 /* TafsirKurdWidget.appex */ = {isa = PBXFileReference; explicitFileType = "wrapper.app-extension"; includeInIndex = 0; path = TafsirKurdWidget.appex; sourceTree = BUILT_PRODUCTS_DIR; };
		WDGT000000000011 /* TafsirKurdWidget.swift */ = {isa = PBXFileReference; lastKnownFileType = sourcecode.swift; path = TafsirKurdWidget.swift; sourceTree = "<group>"; };
		WDGT000000000012 /* Info.plist */ = {isa = PBXFileReference; lastKnownFileType = text.plist.xml; path = Info.plist; sourceTree = "<group>"; };
		WDGT000000000013 /* TafsirKurdWidget.entitlements */ = {isa = PBXFileReference; lastKnownFileType = text.plist.entitlements; path = TafsirKurdWidget.entitlements; sourceTree = "<group>"; };
		WDGT000000000014 /* SharedPrefsPlugin.swift */ = {isa = PBXFileReference; lastKnownFileType = sourcecode.swift; path = SharedPrefsPlugin.swift; sourceTree = "<group>"; };
		WDGT000000000015 /* SharedPrefsPlugin.m */ = {isa = PBXFileReference; lastKnownFileType = sourcecode.c.objc; path = SharedPrefsPlugin.m; sourceTree = "<group>"; };
		CMPS000000000002 /* CompassPlugin.swift */ = {isa = PBXFileReference; lastKnownFileType = sourcecode.swift; path = CompassPlugin.swift; sourceTree = "<group>"; };
		CMPS000000000004 /* CompassPlugin.m */ = {isa = PBXFileReference; lastKnownFileType = sourcecode.c.objc; path = CompassPlugin.m; sourceTree = "<group>"; };
		FONT000000000002 /* UthmanicHafs1Ver18.ttf */ = {isa = PBXFileReference; lastKnownFileType = file; name = UthmanicHafs1Ver18.ttf; path = UthmanicHafs1Ver18.ttf; sourceTree = "<group>"; };
		ATHN000000000001 /* athan_mishary.caf */ = {isa = PBXFileReference; lastKnownFileType = audio.caf; path = athan_mishary.caf; sourceTree = "<group>"; };
		ATHN000000000002 /* athan_nasser.caf */ = {isa = PBXFileReference; lastKnownFileType = audio.caf; path = athan_nasser.caf; sourceTree = "<group>"; };
		ATHN000000000003 /* athan_omar.caf */ = {isa = PBXFileReference; lastKnownFileType = audio.caf; path = athan_omar.caf; sourceTree = "<group>"; };
		ATHN000000000004 /* athan_peshawa.caf */ = {isa = PBXFileReference; lastKnownFileType = audio.caf; path = athan_peshawa.caf; sourceTree = "<group>"; };
		ATHN000000000005 /* athan_raad.caf */ = {isa = PBXFileReference; lastKnownFileType = audio.caf; path = athan_raad.caf; sourceTree = "<group>"; };
		TEST000000000010 /* TafsirKurdWidgetTests.xctest */ = {isa = PBXFileReference; explicitFileType = wrapper.cfbundle; includeInIndex = 0; path = TafsirKurdWidgetTests.xctest; sourceTree = BUILT_PRODUCTS_DIR; };
		TEST000000000011 /* TafsirKurdWidgetTests.swift */ = {isa = PBXFileReference; lastKnownFileType = sourcecode.swift; path = TafsirKurdWidgetTests.swift; sourceTree = "<group>"; };
		WDGT000000000017 /* WidgetLogic.swift */ = {isa = PBXFileReference; lastKnownFileType = sourcecode.swift; path = WidgetLogic.swift; sourceTree = "<group>"; };
/* End PBXFileReference section */

/* Begin PBXContainerItemProxy section */
		WDGT000000000051 /* PBXContainerItemProxy */ = {
			isa = PBXContainerItemProxy;
			containerPortal = 504EC2FC1FED79650016851F /* Project object */;
			proxyType = 1;
			remoteGlobalIDString = WDGT000000000030;
			remoteInfo = TafsirKurdWidget;
		};
/* End PBXContainerItemProxy section */

/* Begin PBXCopyFilesBuildPhase section */
		WDGT000000000034 /* Embed Foundation Extensions */ = {
			isa = PBXCopyFilesBuildPhase;
			buildActionMask = 2147483647;
			dstPath = "";
			dstSubfolderSpec = 13;
			files = (
				WDGT000000000002 /* TafsirKurdWidget.appex in Embed Foundation Extensions */,
			);
			name = "Embed Foundation Extensions";
			runOnlyForDeploymentPostprocessing = 0;
		};
/* End PBXCopyFilesBuildPhase section */

/* Begin PBXFrameworksBuildPhase section */
		504EC3011FED79650016851F /* Frameworks */ = {
			isa = PBXFrameworksBuildPhase;
			buildActionMask = 2147483647;
			files = (
			);
			runOnlyForDeploymentPostprocessing = 0;
		};
		WDGT000000000032 /* Frameworks */ = {
			isa = PBXFrameworksBuildPhase;
			buildActionMask = 2147483647;
			files = (
			);
			runOnlyForDeploymentPostprocessing = 0;
		};
		TEST000000000032 /* Frameworks */ = {
			isa = PBXFrameworksBuildPhase;
			buildActionMask = 2147483647;
			files = (
			);
			runOnlyForDeploymentPostprocessing = 0;
		};
/* End PBXFrameworksBuildPhase section */

/* Begin PBXGroup section */
		504EC2FB1FED79650016851F = {
			isa = PBXGroup;
			children = (
				958DCC722DB07C7200EA8C5F /* debug.xcconfig */,
				504EC3061FED79650016851F /* App */,
				WDGT000000000020 /* TafsirKurdWidget */,
				TEST000000000020 /* TafsirKurdWidgetTests */,
				504EC3051FED79650016851F /* Products */,
			);
			sourceTree = "<group>";
		};
		504EC3051FED79650016851F /* Products */ = {
			isa = PBXGroup;
			children = (
				504EC3041FED79650016851F /* App.app */,
				WDGT000000000010 /* TafsirKurdWidget.appex */,
				TEST000000000010 /* TafsirKurdWidgetTests.xctest */,
			);
			name = Products;
			sourceTree = "<group>";
		};
		504EC3061FED79650016851F /* App */ = {
			isa = PBXGroup;
			children = (
				50379B222058CBB4000EE86E /* capacitor.config.json */,
				504EC3071FED79650016851F /* AppDelegate.swift */,
				AA01000000000002AABBCCDD /* TafsirAppleSignIn.swift */,
				AA01000000000006AABBCCDD /* MainViewController.swift */,
				504EC30B1FED79650016851F /* Main.storyboard */,
				504EC30E1FED79650016851F /* Assets.xcassets */,
				504EC3101FED79650016851F /* LaunchScreen.storyboard */,
				504EC3131FED79650016851F /* Info.plist */,
				AABB00001122334455667788 /* App.entitlements */,
				2FAD9762203C412B000D30F8 /* config.xml */,
				50B271D01FEDC1A000F3C39B /* public */,
				WDGT000000000014 /* SharedPrefsPlugin.swift */,
				WDGT000000000015 /* SharedPrefsPlugin.m */,
				CMPS000000000002 /* CompassPlugin.swift */,
				CMPS000000000004 /* CompassPlugin.m */,
				FONT000000000001 /* Fonts */,
				ATHN000000000001 /* athan_mishary.caf */,
				ATHN000000000002 /* athan_nasser.caf */,
				ATHN000000000003 /* athan_omar.caf */,
				ATHN000000000004 /* athan_peshawa.caf */,
				ATHN000000000005 /* athan_raad.caf */,
			);
			path = App;
			sourceTree = "<group>";
		};
		FONT000000000001 /* Fonts */ = {
			isa = PBXGroup;
			children = (
				FONT000000000002 /* UthmanicHafs1Ver18.ttf */,
			);
			path = Fonts;
			sourceTree = "<group>";
		};
		WDGT000000000020 /* TafsirKurdWidget */ = {
			isa = PBXGroup;
			children = (
				WDGT000000000011 /* TafsirKurdWidget.swift */,
				WDGT000000000017 /* WidgetLogic.swift */,
				WDGT000000000012 /* Info.plist */,
				WDGT000000000013 /* TafsirKurdWidget.entitlements */,
			);
			path = TafsirKurdWidget;
			sourceTree = "<group>";
		};
		TEST000000000020 /* TafsirKurdWidgetTests */ = {
			isa = PBXGroup;
			children = (
				TEST000000000011 /* TafsirKurdWidgetTests.swift */,
			);
			path = TafsirKurdWidgetTests;
			sourceTree = "<group>";
		};
/* End PBXGroup section */

/* Begin PBXNativeTarget section */
		504EC3031FED79650016851F /* App */ = {
			isa = PBXNativeTarget;
			buildConfigurationList = 504EC3161FED79650016851F /* Build configuration list for PBXNativeTarget "App" */;
			buildPhases = (
				504EC3001FED79650016851F /* Sources */,
				504EC3011FED79650016851F /* Frameworks */,
				504EC3021FED79650016851F /* Resources */,
				WDGT000000000034 /* Embed Foundation Extensions */,
			);
			buildRules = (
			);
			dependencies = (
				WDGT000000000050 /* PBXTargetDependency */,
			);
			name = App;
			productName = App;
			productReference = 504EC3041FED79650016851F /* App.app */;
			productType = "com.apple.product-type.application";
		};
		WDGT000000000030 /* TafsirKurdWidget */ = {
			isa = PBXNativeTarget;
			buildConfigurationList = WDGT000000000042 /* Build configuration list for PBXNativeTarget "TafsirKurdWidget" */;
			buildPhases = (
				WDGT000000000031 /* Sources */,
				WDGT000000000032 /* Frameworks */,
				WDGT000000000033 /* Resources */,
			);
			buildRules = (
			);
			dependencies = (
			);
			name = TafsirKurdWidget;
			productName = TafsirKurdWidget;
			productReference = WDGT000000000010 /* TafsirKurdWidget.appex */;
			productType = "com.apple.product-type.app-extension";
		};
		TEST000000000030 /* TafsirKurdWidgetTests */ = {
			isa = PBXNativeTarget;
			buildConfigurationList = TEST000000000042 /* Build configuration list for PBXNativeTarget "TafsirKurdWidgetTests" */;
			buildPhases = (
				TEST000000000031 /* Sources */,
				TEST000000000032 /* Frameworks */,
			);
			buildRules = (
			);
			dependencies = (
			);
			name = TafsirKurdWidgetTests;
			productName = TafsirKurdWidgetTests;
			productReference = TEST000000000010 /* TafsirKurdWidgetTests.xctest */;
			productType = "com.apple.product-type.bundle.unit-test";
		};
/* End PBXNativeTarget section */

/* Begin PBXProject section */
		504EC2FC1FED79650016851F /* Project object */ = {
			isa = PBXProject;
			attributes = {
				LastSwiftUpdateCheck = 0920;
				LastUpgradeCheck = 0920;
				TargetAttributes = {
					504EC3031FED79650016851F = {
						CreatedOnToolsVersion = 9.2;
						LastSwiftMigration = 1100;
						ProvisioningStyle = Automatic;
					};
					WDGT000000000030 = {
						CreatedOnToolsVersion = 15.0;
						ProvisioningStyle = Automatic;
					};
					TEST000000000030 = {
						CreatedOnToolsVersion = 15.0;
						ProvisioningStyle = Automatic;
					};
				};
			};
			buildConfigurationList = 504EC2FF1FED79650016851F /* Build configuration list for PBXProject "App" */;
			compatibilityVersion = "Xcode 8.0";
			developmentRegion = en;
			hasScannedForEncodings = 0;
			knownRegions = (
				en,
				Base,
			);
			mainGroup = 504EC2FB1FED79650016851F;
			productRefGroup = 504EC3051FED79650016851F /* Products */;
			projectDirPath = "";
			projectRoot = "";
			targets = (
				504EC3031FED79650016851F /* App */,
				WDGT000000000030 /* TafsirKurdWidget */,
				TEST000000000030 /* TafsirKurdWidgetTests */,
			);
		};
/* End PBXProject section */

/* Begin PBXResourcesBuildPhase section */
		504EC3021FED79650016851F /* Resources */ = {
			isa = PBXResourcesBuildPhase;
			buildActionMask = 2147483647;
			files = (
				504EC3121FED79650016851F /* LaunchScreen.storyboard in Resources */,
				50B271D11FEDC1A000F3C39B /* public in Resources */,
				504EC30F1FED79650016851F /* Assets.xcassets in Resources */,
				50379B232058CBB4000EE86E /* capacitor.config.json in Resources */,
				504EC30D1FED79650016851F /* Main.storyboard in Resources */,
				2FAD9763203C412B000D30F8 /* config.xml in Resources */,
				FONT000000000003 /* UthmanicHafs1Ver18.ttf in Resources */,
				ATHN000000000011 /* athan_mishary.caf in Resources */,
				ATHN000000000012 /* athan_nasser.caf in Resources */,
				ATHN000000000013 /* athan_omar.caf in Resources */,
				ATHN000000000014 /* athan_peshawa.caf in Resources */,
				ATHN000000000015 /* athan_raad.caf in Resources */,
			);
			runOnlyForDeploymentPostprocessing = 0;
		};
		WDGT000000000033 /* Resources */ = {
			isa = PBXResourcesBuildPhase;
			buildActionMask = 2147483647;
			files = (
				FONT000000000004 /* UthmanicHafs1Ver18.ttf in Resources */,
			);
			runOnlyForDeploymentPostprocessing = 0;
		};
/* End PBXResourcesBuildPhase section */

/* Begin PBXSourcesBuildPhase section */
		504EC3001FED79650016851F /* Sources */ = {
			isa = PBXSourcesBuildPhase;
			buildActionMask = 2147483647;
			files = (
				504EC3081FED79650016851F /* AppDelegate.swift in Sources */,
				AA01000000000001AABBCCDD /* TafsirAppleSignIn.swift in Sources */,
				AA01000000000005AABBCCDD /* MainViewController.swift in Sources */,
				WDGT000000000003 /* SharedPrefsPlugin.swift in Sources */,
				WDGT000000000004 /* SharedPrefsPlugin.m in Sources */,
				CMPS000000000001 /* CompassPlugin.swift in Sources */,
				CMPS000000000003 /* CompassPlugin.m in Sources */,
			);
			runOnlyForDeploymentPostprocessing = 0;
		};
		WDGT000000000031 /* Sources */ = {
			isa = PBXSourcesBuildPhase;
			buildActionMask = 2147483647;
			files = (
				WDGT000000000001 /* TafsirKurdWidget.swift in Sources */,
				WDGT000000000016 /* WidgetLogic.swift in Sources */,
			);
			runOnlyForDeploymentPostprocessing = 0;
		};
		TEST000000000031 /* Sources */ = {
			isa = PBXSourcesBuildPhase;
			buildActionMask = 2147483647;
			files = (
				TEST000000000002 /* WidgetLogic.swift in test Sources */,
				TEST000000000001 /* TafsirKurdWidgetTests.swift in Sources */,
			);
			runOnlyForDeploymentPostprocessing = 0;
		};
/* End PBXSourcesBuildPhase section */

/* Begin PBXVariantGroup section */
		504EC30B1FED79650016851F /* Main.storyboard */ = {
			isa = PBXVariantGroup;
			children = (
				504EC30C1FED79650016851F /* Base */,
			);
			name = Main.storyboard;
			sourceTree = "<group>";
		};
		504EC3101FED79650016851F /* LaunchScreen.storyboard */ = {
			isa = PBXVariantGroup;
			children = (
				504EC3111FED79650016851F /* Base */,
			);
			name = LaunchScreen.storyboard;
			sourceTree = "<group>";
		};
/* End PBXVariantGroup section */

/* Begin PBXTargetDependency section */
		WDGT000000000050 /* PBXTargetDependency */ = {
			isa = PBXTargetDependency;
			target = WDGT000000000030 /* TafsirKurdWidget */;
			targetProxy = WDGT000000000051 /* PBXContainerItemProxy */;
		};
/* End PBXTargetDependency section */

/* Begin XCBuildConfiguration section */
		504EC3141FED79650016851F /* Debug */ = {
			isa = XCBuildConfiguration;
			baseConfigurationReference = 958DCC722DB07C7200EA8C5F /* debug.xcconfig */;
			buildSettings = {
				ALWAYS_SEARCH_USER_PATHS = NO;
				CLANG_ANALYZER_NONNULL = YES;
				CLANG_ANALYZER_NUMBER_OBJECT_CONVERSION = YES_AGGRESSIVE;
				CLANG_CXX_LANGUAGE_STANDARD = "gnu++14";
				CLANG_CXX_LIBRARY = "libc++";
				CLANG_ENABLE_MODULES = YES;
				CLANG_ENABLE_OBJC_ARC = YES;
				CLANG_WARN_BLOCK_CAPTURE_AUTORELEASING = YES;
				CLANG_WARN_BOOL_CONVERSION = YES;
				CLANG_WARN_COMMA = YES;
				CLANG_WARN_CONSTANT_CONVERSION = YES;
				CLANG_WARN_DIRECT_OBJC_ISA_USAGE = YES_ERROR;
				CLANG_WARN_DOCUMENTATION_COMMENTS = YES;
				CLANG_WARN_EMPTY_BODY = YES;
				CLANG_WARN_ENUM_CONVERSION = YES;
				CLANG_WARN_INFINITE_RECURSION = YES;
				CLANG_WARN_INT_CONVERSION = YES;
				CLANG_WARN_NON_LITERAL_NULL_CONVERSION = YES;
				CLANG_WARN_OBJC_LITERAL_CONVERSION = YES;
				CLANG_WARN_OBJC_ROOT_CLASS = YES_ERROR;
				CLANG_WARN_RANGE_LOOP_ANALYSIS = YES;
				CLANG_WARN_STRICT_PROTOTYPES = YES;
				CLANG_WARN_SUSPICIOUS_MOVE = YES;
				CLANG_WARN_UNGUARDED_AVAILABILITY = YES_AGGRESSIVE;
				CLANG_WARN_UNREACHABLE_CODE = YES;
				CLANG_WARN__DUPLICATE_METHOD_MATCH = YES;
				CODE_SIGN_IDENTITY = "iPhone Developer";
				COPY_PHASE_STRIP = NO;
				DEBUG_INFORMATION_FORMAT = dwarf;
				ENABLE_STRICT_OBJC_MSGSEND = YES;
				ENABLE_TESTABILITY = YES;
				GCC_C_LANGUAGE_STANDARD = gnu11;
				GCC_DYNAMIC_NO_PIC = NO;
				GCC_NO_COMMON_BLOCKS = YES;
				GCC_OPTIMIZATION_LEVEL = 0;
				GCC_PREPROCESSOR_DEFINITIONS = (
					"DEBUG=1",
					"$(inherited)",
				);
				GCC_WARN_64_TO_32_BIT_CONVERSION = YES;
				GCC_WARN_ABOUT_RETURN_TYPE = YES_ERROR;
				GCC_WARN_UNDECLARED_SELECTOR = YES;
				GCC_WARN_UNINITIALIZED_AUTOS = YES_AGGRESSIVE;
				GCC_WARN_UNUSED_FUNCTION = YES;
				GCC_WARN_UNUSED_VARIABLE = YES;
				IPHONEOS_DEPLOYMENT_TARGET = 15.0;
				MTL_ENABLE_DEBUG_INFO = YES;
				ONLY_ACTIVE_ARCH = YES;
				SDKROOT = iphoneos;
				SWIFT_ACTIVE_COMPILATION_CONDITIONS = DEBUG;
				SWIFT_OPTIMIZATION_LEVEL = "-Onone";
			};
			name = Debug;
		};
		504EC3151FED79650016851F /* Release */ = {
			isa = XCBuildConfiguration;
			buildSettings = {
				ALWAYS_SEARCH_USER_PATHS = NO;
				CLANG_ANALYZER_NONNULL = YES;
				CLANG_ANALYZER_NUMBER_OBJECT_CONVERSION = YES_AGGRESSIVE;
				CLANG_CXX_LANGUAGE_STANDARD = "gnu++14";
				CLANG_CXX_LIBRARY = "libc++";
				CLANG_ENABLE_MODULES = YES;
				CLANG_ENABLE_OBJC_ARC = YES;
				CLANG_WARN_BLOCK_CAPTURE_AUTORELEASING = YES;
				CLANG_WARN_BOOL_CONVERSION = YES;
				CLANG_WARN_COMMA = YES;
				CLANG_WARN_CONSTANT_CONVERSION = YES;
				CLANG_WARN_DIRECT_OBJC_ISA_USAGE = YES_ERROR;
				CLANG_WARN_DOCUMENTATION_COMMENTS = YES;
				CLANG_WARN_EMPTY_BODY = YES;
				CLANG_WARN_ENUM_CONVERSION = YES;
				CLANG_WARN_INFINITE_RECURSION = YES;
				CLANG_WARN_INT_CONVERSION = YES;
				CLANG_WARN_NON_LITERAL_NULL_CONVERSION = YES;
				CLANG_WARN_OBJC_LITERAL_CONVERSION = YES;
				CLANG_WARN_OBJC_ROOT_CLASS = YES_ERROR;
				CLANG_WARN_RANGE_LOOP_ANALYSIS = YES;
				CLANG_WARN_STRICT_PROTOTYPES = YES;
				CLANG_WARN_SUSPICIOUS_MOVE = YES;
				CLANG_WARN_UNGUARDED_AVAILABILITY = YES_AGGRESSIVE;
				CLANG_WARN_UNREACHABLE_CODE = YES;
				CLANG_WARN__DUPLICATE_METHOD_MATCH = YES;
				CODE_SIGN_IDENTITY = "iPhone Developer";
				COPY_PHASE_STRIP = NO;
				DEBUG_INFORMATION_FORMAT = "dwarf-with-dsym";
				ENABLE_NS_ASSERTIONS = NO;
				ENABLE_STRICT_OBJC_MSGSEND = YES;
				GCC_C_LANGUAGE_STANDARD = gnu11;
				GCC_NO_COMMON_BLOCKS = YES;
				GCC_WARN_64_TO_32_BIT_CONVERSION = YES;
				GCC_WARN_ABOUT_RETURN_TYPE = YES_ERROR;
				GCC_WARN_UNDECLARED_SELECTOR = YES;
				GCC_WARN_UNINITIALIZED_AUTOS = YES_AGGRESSIVE;
				GCC_WARN_UNUSED_FUNCTION = YES;
				GCC_WARN_UNUSED_VARIABLE = YES;
				IPHONEOS_DEPLOYMENT_TARGET = 15.0;
				MTL_ENABLE_DEBUG_INFO = NO;
				SDKROOT = iphoneos;
				SWIFT_COMPILATION_MODE = wholemodule;
				SWIFT_OPTIMIZATION_LEVEL = "-O";
				VALIDATE_PRODUCT = YES;
			};
			name = Release;
		};
		504EC3171FED79650016851F /* Debug */ = {
			isa = XCBuildConfiguration;
			baseConfigurationReference = 958DCC722DB07C7200EA8C5F /* debug.xcconfig */;
			buildSettings = {
				ASSETCATALOG_COMPILER_APPICON_NAME = AppIcon;
				CODE_SIGN_ENTITLEMENTS = App/App.entitlements;
				CODE_SIGN_STYLE = Automatic;
				CURRENT_PROJECT_VERSION = 280;
				INFOPLIST_FILE = App/Info.plist;
				IPHONEOS_DEPLOYMENT_TARGET = 15.0;
				LD_RUNPATH_SEARCH_PATHS = (
					"$(inherited)",
					"@executable_path/Frameworks",
				);
				MARKETING_VERSION = 2.3.1;
				OTHER_SWIFT_FLAGS = "$(inherited) \"-D\" \"COCOAPODS\" \"-DDEBUG\"";
				PRODUCT_BUNDLE_IDENTIFIER = com.tafsirkurd.app;
				PRODUCT_NAME = "$(TARGET_NAME)";
				SWIFT_ACTIVE_COMPILATION_CONDITIONS = DEBUG;
				SWIFT_VERSION = 5.0;
				TARGETED_DEVICE_FAMILY = "1,2";
			};
			name = Debug;
		};
		504EC3181FED79650016851F /* Release */ = {
			isa = XCBuildConfiguration;
			buildSettings = {
				ASSETCATALOG_COMPILER_APPICON_NAME = AppIcon;
				CODE_SIGN_ENTITLEMENTS = App/App.entitlements;
				CODE_SIGN_STYLE = Automatic;
				CURRENT_PROJECT_VERSION = 280;
				INFOPLIST_FILE = App/Info.plist;
				IPHONEOS_DEPLOYMENT_TARGET = 15.0;
				LD_RUNPATH_SEARCH_PATHS = (
					"$(inherited)",
					"@executable_path/Frameworks",
				);
				MARKETING_VERSION = 2.3.1;
				PRODUCT_BUNDLE_IDENTIFIER = com.tafsirkurd.app;
				PRODUCT_NAME = "$(TARGET_NAME)";
				SWIFT_ACTIVE_COMPILATION_CONDITIONS = "";
				SWIFT_VERSION = 5.0;
				TARGETED_DEVICE_FAMILY = "1,2";
			};
			name = Release;
		};
		WDGT000000000040 /* Debug */ = {
			isa = XCBuildConfiguration;
			buildSettings = {
				CODE_SIGN_ENTITLEMENTS = TafsirKurdWidget/TafsirKurdWidget.entitlements;
				CODE_SIGN_IDENTITY = "Apple Distribution";
				CODE_SIGN_STYLE = Manual;
				CURRENT_PROJECT_VERSION = 280;
				DEVELOPMENT_TEAM = 8KA7UDSC9D;
				INFOPLIST_FILE = TafsirKurdWidget/Info.plist;
				IPHONEOS_DEPLOYMENT_TARGET = 16.0;
				LD_RUNPATH_SEARCH_PATHS = (
					"$(inherited)",
					"@executable_path/Frameworks",
					"@executable_path/../../Frameworks",
				);
				MARKETING_VERSION = 2.3.1;
				PRODUCT_BUNDLE_IDENTIFIER = "com.tafsirkurd.app.TafsirKurdWidget";
				PRODUCT_NAME = "$(TARGET_NAME)";
				PROVISIONING_PROFILE_SPECIFIER = "TafsirKurd Widget App Store";
				SKIP_INSTALL = YES;
				SWIFT_ACTIVE_COMPILATION_CONDITIONS = DEBUG;
				SWIFT_VERSION = 5.0;
				TARGETED_DEVICE_FAMILY = "1,2";
			};
			name = Debug;
		};
		WDGT000000000041 /* Release */ = {
			isa = XCBuildConfiguration;
			buildSettings = {
				CODE_SIGN_ENTITLEMENTS = TafsirKurdWidget/TafsirKurdWidget.entitlements;
				CODE_SIGN_IDENTITY = "Apple Distribution";
				CODE_SIGN_STYLE = Manual;
				CURRENT_PROJECT_VERSION = 280;
				DEVELOPMENT_TEAM = 8KA7UDSC9D;
				INFOPLIST_FILE = TafsirKurdWidget/Info.plist;
				IPHONEOS_DEPLOYMENT_TARGET = 16.0;
				LD_RUNPATH_SEARCH_PATHS = (
					"$(inherited)",
					"@executable_path/Frameworks",
					"@executable_path/../../Frameworks",
				);
				MARKETING_VERSION = 2.3.1;
				PRODUCT_BUNDLE_IDENTIFIER = "com.tafsirkurd.app.TafsirKurdWidget";
				PRODUCT_NAME = "$(TARGET_NAME)";
				PROVISIONING_PROFILE_SPECIFIER = "TafsirKurd Widget App Store";
				SKIP_INSTALL = YES;
				SWIFT_ACTIVE_COMPILATION_CONDITIONS = "";
				SWIFT_VERSION = 5.0;
				TARGETED_DEVICE_FAMILY = "1,2";
			};
			name = Release;
		};
		TEST000000000040 /* Debug */ = {
			isa = XCBuildConfiguration;
			buildSettings = {
				CODE_SIGN_STYLE = Automatic;
				CURRENT_PROJECT_VERSION = 280;
				IPHONEOS_DEPLOYMENT_TARGET = 16.0;
				PRODUCT_BUNDLE_IDENTIFIER = "com.tafsirkurd.app.TafsirKurdWidgetTests";
				PRODUCT_NAME = "$(TARGET_NAME)";
				SWIFT_ACTIVE_COMPILATION_CONDITIONS = DEBUG;
				SWIFT_VERSION = 5.0;
				TARGETED_DEVICE_FAMILY = "1,2";
			};
			name = Debug;
		};
		TEST000000000041 /* Release */ = {
			isa = XCBuildConfiguration;
			buildSettings = {
				CODE_SIGN_STYLE = Automatic;
				CURRENT_PROJECT_VERSION = 280;
				IPHONEOS_DEPLOYMENT_TARGET = 16.0;
				PRODUCT_BUNDLE_IDENTIFIER = "com.tafsirkurd.app.TafsirKurdWidgetTests";
				PRODUCT_NAME = "$(TARGET_NAME)";
				SWIFT_ACTIVE_COMPILATION_CONDITIONS = "";
				SWIFT_VERSION = 5.0;
				TARGETED_DEVICE_FAMILY = "1,2";
			};
			name = Release;
		};
/* End XCBuildConfiguration section */

/* Begin XCConfigurationList section */
		504EC2FF1FED79650016851F /* Build configuration list for PBXProject "App" */ = {
			isa = XCConfigurationList;
			buildConfigurations = (
				504EC3141FED79650016851F /* Debug */,
				504EC3151FED79650016851F /* Release */,
			);
			defaultConfigurationIsVisible = 0;
			defaultConfigurationName = Release;
		};
		504EC3161FED79650016851F /* Build configuration list for PBXNativeTarget "App" */ = {
			isa = XCConfigurationList;
			buildConfigurations = (
				504EC3171FED79650016851F /* Debug */,
				504EC3181FED79650016851F /* Release */,
			);
			defaultConfigurationIsVisible = 0;
			defaultConfigurationName = Release;
		};
		WDGT000000000042 /* Build configuration list for PBXNativeTarget "TafsirKurdWidget" */ = {
			isa = XCConfigurationList;
			buildConfigurations = (
				WDGT000000000040 /* Debug */,
				WDGT000000000041 /* Release */,
			);
			defaultConfigurationIsVisible = 0;
			defaultConfigurationName = Release;
		};
		TEST000000000042 /* Build configuration list for PBXNativeTarget "TafsirKurdWidgetTests" */ = {
			isa = XCConfigurationList;
			buildConfigurations = (
				TEST000000000040 /* Debug */,
				TEST000000000041 /* Release */,
			);
			defaultConfigurationIsVisible = 0;
			defaultConfigurationName = Release;
		};
/* End XCConfigurationList section */

	};
	rootObject = 504EC2FC1FED79650016851F /* Project object */;
}
